
Microsoft Visual Studio Solution File, Format Version 12.00
# Visual Studio Version 16
VisualStudioVersion = 16.0.31025.194
MinimumVisualStudioVersion = 10.0.40219.1
Project("{2150E333-8FDC-42A3-9474-1A3956D46DE8}") = "Tests", "Tests", "{7BDDBBA9-5A57-4474-9D31-F7EA31A3559C}"
EndProject
Project("{2150E333-8FDC-42A3-9474-1A3956D46DE8}") = "src", "src", "{56770114-5675-406C-A617-380543350586}"
EndProject
Project("{FAE04EC0-301F-11D3-BF4B-00C04F79EFBC}") = "SEB.Assignment", "SEB.Assignment\SEB.Assignment.csproj", "{A786B556-9034-4A2A-8D90-E147FA660AA3}"
EndProject
Project("{FAE04EC0-301F-11D3-BF4B-00C04F79EFBC}") = "SEB.Tests", "SEB.Tests\SEB.Tests\SEB.Tests.csproj", "{E5270BEC-BCE7-4D3B-B6F6-86E9DCAA72EE}"
EndProject
Project("{FAE04EC0-301F-11D3-BF4B-00C04F79EFBC}") = "SEB.DAL", "SEB.DAL\SEB.DAL.csproj", "{EB11F37C-A0EF-4690-9CDD-4922135F6EE7}"
EndProject
Project("{FAE04EC0-301F-11D3-BF4B-00C04F79EFBC}") = "SEB.BLL", "SEB.BLL\SEB.BLL.csproj", "{17E53112-706A-464B-A6A9-EF13439E81D2}"
EndProject
Global
	GlobalSection(SolutionConfigurationPlatforms) = preSolution
		Debug|Any CPU = Debug|Any CPU
		Release|Any CPU = Release|Any CPU
	EndGlobalSection
	GlobalSection(ProjectConfigurationPlatforms) = postSolution
		{A786B556-9034-4A2A-8D90-E147FA660AA3}.Debug|Any CPU.ActiveCfg = Debug|Any CPU
		{A786B556-9034-4A2A-8D90-E147FA660AA3}.Debug|Any CPU.Build.0 = Debug|Any CPU
		{A786B556-9034-4A2A-8D90-E147FA660AA3}.Release|Any CPU.ActiveCfg = Release|Any CPU
		{A786B556-9034-4A2A-8D90-E147FA660AA3}.Release|Any CPU.Build.0 = Release|Any CPU
		{E5270BEC-BCE7-4D3B-B6F6-86E9DCAA72EE}.Debug|Any CPU.ActiveCfg = Debug|Any CPU
		{E5270BEC-BCE7-4D3B-B6F6-86E9DCAA72EE}.Debug|Any CPU.Build.0 = Debug|Any CPU
		{E5270BEC-BCE7-4D3B-B6F6-86E9DCAA72EE}.Release|Any CPU.ActiveCfg = Release|Any CPU
		{E5270BEC-BCE7-4D3B-B6F6-86E9DCAA72EE}.Release|Any CPU.Build.0 = Release|Any CPU
		{EB11F37C-A0EF-4690-9CDD-4922135F6EE7}.Debug|Any CPU.ActiveCfg = Debug|Any CPU
		{EB11F37C-A0EF-4690-9CDD-4922135F6EE7}.Debug|Any CPU.Build.0 = Debug|Any CPU
		{EB11F37C-A0EF-4690-9CDD-4922135F6EE7}.Release|Any CPU.ActiveCfg = Release|Any CPU
		{EB11F37C-A0EF-4690-9CDD-4922135F6EE7}.Release|Any CPU.Build.0 = Release|Any CPU
		{17E53112-706A-464B-A6A9-EF13439E81D2}.Debug|Any CPU.ActiveCfg = Debug|Any CPU
		{17E53112-706A-464B-A6A9-EF13439E81D2}.Debug|Any CPU.Build.0 = Debug|Any CPU
		{17E53112-706A-464B-A6A9-EF13439E81D2}.Release|Any CPU.ActiveCfg = Release|Any CPU
		{17E53112-706A-464B-A6A9-EF13439E81D2}.Release|Any CPU.Build.0 = Release|Any CPU
	EndGlobalSection
	GlobalSection(SolutionProperties) = preSolution
		HideSolutionNode = FALSE
	EndGlobalSection
	GlobalSection(NestedProjects) = preSolution
		{A786B556-9034-4A2A-8D90-E147FA660AA3} = {56770114-5675-406C-A617-380543350586}
		{E5270BEC-BCE7-4D3B-B6F6-86E9DCAA72EE} = {7BDDBBA9-5A57-4474-9D31-F7EA31A3559C}
		{EB11F37C-A0EF-4690-9CDD-4922135F6EE7} = {56770114-5675-406C-A617-380543350586}
		{17E53112-706A-464B-A6A9-EF13439E81D2} = {56770114-5675-406C-A617-380543350586}
	EndGlobalSection
	GlobalSection(ExtensibilityGlobals) = postSolution
		SolutionGuid = {DC87E787-3A97-4F6E-B09F-428C51ECBCE6}
	EndGlobalSection
EndGlobal
